// !$*UTF8*$!
{
	archiveVersion = 1;
	classes = {
	};
	objectVersion = 46;
	objects = {

/* Begin PBXBuildFile section */
		42EF34E6192CAC8900015379 /* Foundation.framework in Frameworks */ = {isa = PBXBuildFile; fileRef = 42EF34E5192CAC8900015379 /* Foundation.framework */; };
		42EF34E8192CAC8900015379 /* CoreGraphics.framework in Frameworks */ = {isa = PBXBuildFile; fileRef = 42EF34E7192CAC8900015379 /* CoreGraphics.framework */; };
		42EF34EA192CAC8900015379 /* UIKit.framework in Frameworks */ = {isa = PBXBuildFile; fileRef = 42EF34E9192CAC8900015379 /* UIKit.framework */; };
		42EF34F0192CAC8900015379 /* InfoPlist.strings in Resources */ = {isa = PBXBuildFile; fileRef = 42EF34EE192CAC8900015379 /* InfoPlist.strings */; };
		42EF34F2192CAC8900015379 /* main.m in Sources */ = {isa = PBXBuildFile; fileRef = 42EF34F1192CAC8900015379 /* main.m */; };
		42EF34F6192CAC8900015379 /* AppDelegate.m in Sources */ = {isa = PBXBuildFile; fileRef = 42EF34F5192CAC8900015379 /* AppDelegate.m */; };
		42EF34F9192CAC8900015379 /* Main.storyboard in Resources */ = {isa = PBXBuildFile; fileRef = 42EF34F7192CAC8900015379 /* Main.storyboard */; };
		42EF34FC192CAC8900015379 /* ViewController.m in Sources */ = {isa = PBXBuildFile; fileRef = 42EF34FB192CAC8900015379 /* ViewController.m */; };
		42EF34FE192CAC8900015379 /* Images.xcassets in Resources */ = {isa = PBXBuildFile; fileRef = 42EF34FD192CAC8900015379 /* Images.xcassets */; };
		42EF3505192CAC8900015379 /* XCTest.framework in Frameworks */ = {isa = PBXBuildFile; fileRef = 42EF3504192CAC8900015379 /* XCTest.framework */; };
		42EF3506192CAC8900015379 /* Foundation.framework in Frameworks */ = {isa = PBXBuildFile; fileRef = 42EF34E5192CAC8900015379 /* Foundation.framework */; };
		42EF3507192CAC8900015379 /* UIKit.framework in Frameworks */ = {isa = PBXBuildFile; fileRef = 42EF34E9192CAC8900015379 /* UIKit.framework */; };
		42EF350F192CAC8900015379 /* InfoPlist.strings in Resources */ = {isa = PBXBuildFile; fileRef = 42EF350D192CAC8900015379 /* InfoPlist.strings */; };
		42EF3511192CAC8900015379 /* StagesTests.m in Sources */ = {isa = PBXBuildFile; fileRef = 42EF3510192CAC8900015379 /* StagesTests.m */; };
		42EF351E192CB61300015379 /* above-under-inbetween-banner.png in Resources */ = {isa = PBXBuildFile; fileRef = 42EF351A192CB61300015379 /* above-under-inbetween-banner.png */; };
		42EF351F192CB61300015379 /* les-quais-banner.png in Resources */ = {isa = PBXBuildFile; fileRef = 42EF351B192CB61300015379 /* les-quais-banner.png */; };
		42EF3520192CB61300015379 /* lomo-wall-banner.png in Resources */ = {isa = PBXBuildFile; fileRef = 42EF351C192CB61300015379 /* lomo-wall-banner.png */; };
		42EF3521192CB61300015379 /* sculpt-me-point-banner.png in Resources */ = {isa = PBXBuildFile; fileRef = 42EF351D192CB61300015379 /* sculpt-me-point-banner.png */; };
		42EF3523192CC46A00015379 /* StagesCell.xib in Resources */ = {isa = PBXBuildFile; fileRef = 42EF3522192CC46A00015379 /* StagesCell.xib */; };
		42EF3526192CC83C00015379 /* StagesCellTableViewCell.m in Sources */ = {isa = PBXBuildFile; fileRef = 42EF3525192CC83C00015379 /* StagesCellTableViewCell.m */; };
		42EF3528192CDFDA00015379 /* bg_meert.png in Resources */ = {isa = PBXBuildFile; fileRef = 42EF3527192CDFDA00015379 /* bg_meert.png */; };
/* End PBXBuildFile section */

/* Begin PBXContainerItemProxy section */
		42EF3508192CAC8900015379 /* PBXContainerItemProxy */ = {
			isa = PBXContainerItemProxy;
			containerPortal = 42EF34DA192CAC8800015379 /* Project object */;
			proxyType = 1;
			remoteGlobalIDString = 42EF34E1192CAC8800015379;
			remoteInfo = Stages;
		};
/* End PBXContainerItemProxy section */

/* Begin PBXFileReference section */
		42EF34E2192CAC8800015379 /* Stages.app */ = {isa = PBXFileReference; explicitFileType = wrapper.application; includeInIndex = 0; path = Stages.app; sourceTree = BUILT_PRODUCTS_DIR; };
		42EF34E5192CAC8900015379 /* Foundation.framework */ = {isa = PBXFileReference; lastKnownFileType = wrapper.framework; name = Foundation.framework; path = System/Library/Frameworks/Foundation.framework; sourceTree = SDKROOT; };
		42EF34E7192CAC8900015379 /* CoreGraphics.framework */ = {isa = PBXFileReference; lastKnownFileType = wrapper.framework; name = CoreGraphics.framework; path = System/Library/Frameworks/CoreGraphics.framework; sourceTree = SDKROOT; };
		42EF34E9192CAC8900015379 /* UIKit.framework */ = {isa = PBXFileReference; lastKnownFileType = wrapper.framework; name = UIKit.framework; path = System/Library/Frameworks/UIKit.framework; sourceTree = SDKROOT; };
		42EF34ED192CAC8900015379 /* Stages-Info.plist */ = {isa = PBXFileReference; lastKnownFileType = text.plist.xml; path = "Stages-Info.plist"; sourceTree = "<group>"; };
		42EF34EF192CAC8900015379 /* en */ = {isa = PBXFileReference; lastKnownFileType = text.plist.strings; name = en; path = en.lproj/InfoPlist.strings; sourceTree = "<group>"; };
		42EF34F1192CAC8900015379 /* main.m */ = {isa = PBXFileReference; lastKnownFileType = sourcecode.c.objc; path = main.m; sourceTree = "<group>"; };
		42EF34F3192CAC8900015379 /* Stages-Prefix.pch */ = {isa = PBXFileReference; lastKnownFileType = sourcecode.c.h; path = "Stages-Prefix.pch"; sourceTree = "<group>"; };
		42EF34F4192CAC8900015379 /* AppDelegate.h */ = {isa = PBXFileReference; lastKnownFileType = sourcecode.c.h; path = AppDelegate.h; sourceTree = "<group>"; };
		42EF34F5192CAC8900015379 /* AppDelegate.m */ = {isa = PBXFileReference; lastKnownFileType = sourcecode.c.objc; path = AppDelegate.m; sourceTree = "<group>"; };
		42EF34F8192CAC8900015379 /* Base */ = {isa = PBXFileReference; lastKnownFileType = file.storyboard; name = Base; path = Base.lproj/Main.storyboard; sourceTree = "<group>"; };
		42EF34FA192CAC8900015379 /* ViewController.h */ = {isa = PBXFileReference; lastKnownFileType = sourcecode.c.h; path = ViewController.h; sourceTree = "<group>"; };
		42EF34FB192CAC8900015379 /* ViewController.m */ = {isa = PBXFileReference; lastKnownFileType = sourcecode.c.objc; path = ViewController.m; sourceTree = "<group>"; };
		42EF34FD192CAC8900015379 /* Images.xcassets */ = {isa = PBXFileReference; lastKnownFileType = folder.assetcatalog; path = Images.xcassets; sourceTree = "<group>"; };
		42EF3503192CAC8900015379 /* StagesTests.xctest */ = {isa = PBXFileReference; explicitFileType = wrapper.cfbundle; includeInIndex = 0; path = StagesTests.xctest; sourceTree = BUILT_PRODUCTS_DIR; };
		42EF3504192CAC8900015379 /* XCTest.framework */ = {isa = PBXFileReference; lastKnownFileType = wrapper.framework; name = XCTest.framework; path = Library/Frameworks/XCTest.framework; sourceTree = DEVELOPER_DIR; };
		42EF350C192CAC8900015379 /* StagesTests-Info.plist */ = {isa = PBXFileReference; lastKnownFileType = text.plist.xml; path = "StagesTests-Info.plist"; sourceTree = "<group>"; };
		42EF350E192CAC8900015379 /* en */ = {isa = PBXFileReference; lastKnownFileType = text.plist.strings; name = en; path = en.lproj/InfoPlist.strings; sourceTree = "<group>"; };
		42EF3510192CAC8900015379 /* StagesTests.m */ = {isa = PBXFileReference; lastKnownFileType = sourcecode.c.objc; path = StagesTests.m; sourceTree = "<group>"; };
		42EF351A192CB61300015379 /* above-under-inbetween-banner.png */ = {isa = PBXFileReference; lastKnownFileType = image.png; path = "above-under-inbetween-banner.png"; sourceTree = SOURCE_ROOT; };
		42EF351B192CB61300015379 /* les-quais-banner.png */ = {isa = PBXFileReference; lastKnownFileType = image.png; path = "les-quais-banner.png"; sourceTree = SOURCE_ROOT; };
		42EF351C192CB61300015379 /* lomo-wall-banner.png */ = {isa = PBXFileReference; lastKnownFileType = image.png; path = "lomo-wall-banner.png"; sourceTree = SOURCE_ROOT; };
		42EF351D192CB61300015379 /* sculpt-me-point-banner.png */ = {isa = PBXFileReference; lastKnownFileType = image.png; path = "sculpt-me-point-banner.png"; sourceTree = SOURCE_ROOT; };
		42EF3522192CC46A00015379 /* StagesCell.xib */ = {isa = PBXFileReference; fileEncoding = 4; lastKnownFileType = file.xib; path = StagesCell.xib; sourceTree = "<group>"; };
		42EF3524192CC83C00015379 /* StagesCellTableViewCell.h */ = {isa = PBXFileReference; fileEncoding = 4; lastKnownFileType = sourcecode.c.h; path = StagesCellTableViewCell.h; sourceTree = "<group>"; };
		42EF3525192CC83C00015379 /* StagesCellTableViewCell.m */ = {isa = PBXFileReference; fileEncoding = 4; lastKnownFileType = sourcecode.c.objc; path = StagesCellTableViewCell.m; sourceTree = "<group>"; };
		42EF3527192CDFDA00015379 /* bg_meert.png */ = {isa = PBXFileReference; lastKnownFileType = image.png; path = bg_meert.png; sourceTree = SOURCE_ROOT; };
/* End PBXFileReference section */

/* Begin PBXFrameworksBuildPhase section */
		42EF34DF192CAC8800015379 /* Frameworks */ = {
			isa = PBXFrameworksBuildPhase;
			buildActionMask = 2147483647;
			files = (
				42EF34E8192CAC8900015379 /* CoreGraphics.framework in Frameworks */,
				42EF34EA192CAC8900015379 /* UIKit.framework in Frameworks */,
				42EF34E6192CAC8900015379 /* Foundation.framework in Frameworks */,
			);
			runOnlyForDeploymentPostprocessing = 0;
		};
		42EF3500192CAC8900015379 /* Frameworks */ = {
			isa = PBXFrameworksBuildPhase;
			buildActionMask = 2147483647;
			files = (
				42EF3505192CAC8900015379 /* XCTest.framework in Frameworks */,
				42EF3507192CAC8900015379 /* UIKit.framework in Frameworks */,
				42EF3506192CAC8900015379 /* Foundation.framework in Frameworks */,
			);
			runOnlyForDeploymentPostprocessing = 0;
		};
/* End PBXFrameworksBuildPhase section */

/* Begin PBXGroup section */
		42EF34D9192CAC8800015379 = {
			isa = PBXGroup;
			children = (
				42EF34EB192CAC8900015379 /* Stages */,
				42EF350A192CAC8900015379 /* StagesTests */,
				42EF34E4192CAC8800015379 /* Frameworks */,
				42EF34E3192CAC8800015379 /* Products */,
			);
			sourceTree = "<group>";
		};
		42EF34E3192CAC8800015379 /* Products */ = {
			isa = PBXGroup;
			children = (
				42EF34E2192CAC8800015379 /* Stages.app */,
				42EF3503192CAC8900015379 /* StagesTests.xctest */,
			);
			name = Products;
			sourceTree = "<group>";
		};
		42EF34E4192CAC8800015379 /* Frameworks */ = {
			isa = PBXGroup;
			children = (
				42EF34E5192CAC8900015379 /* Foundation.framework */,
				42EF34E7192CAC8900015379 /* CoreGraphics.framework */,
				42EF34E9192CAC8900015379 /* UIKit.framework */,
				42EF3504192CAC8900015379 /* XCTest.framework */,
			);
			name = Frameworks;
			sourceTree = "<group>";
		};
		42EF34EB192CAC8900015379 /* Stages */ = {
			isa = PBXGroup;
			children = (
				42EF3527192CDFDA00015379 /* bg_meert.png */,
				42EF351A192CB61300015379 /* above-under-inbetween-banner.png */,
				42EF351B192CB61300015379 /* les-quais-banner.png */,
				42EF351C192CB61300015379 /* lomo-wall-banner.png */,
				42EF351D192CB61300015379 /* sculpt-me-point-banner.png */,
				42EF34F4192CAC8900015379 /* AppDelegate.h */,
				42EF34F5192CAC8900015379 /* AppDelegate.m */,
				42EF34F7192CAC8900015379 /* Main.storyboard */,
				42EF34FA192CAC8900015379 /* ViewController.h */,
				42EF34FB192CAC8900015379 /* ViewController.m */,
				42EF34FD192CAC8900015379 /* Images.xcassets */,
				42EF34EC192CAC8900015379 /* Supporting Files */,
				42EF3522192CC46A00015379 /* StagesCell.xib */,
				42EF3524192CC83C00015379 /* StagesCellTableViewCell.h */,
				42EF3525192CC83C00015379 /* StagesCellTableViewCell.m */,
			);
			path = Stages;
			sourceTree = "<group>";
		};
		42EF34EC192CAC8900015379 /* Supporting Files */ = {
			isa = PBXGroup;
			children = (
				42EF34ED192CAC8900015379 /* Stages-Info.plist */,
				42EF34EE192CAC8900015379 /* InfoPlist.strings */,
				42EF34F1192CAC8900015379 /* main.m */,
				42EF34F3192CAC8900015379 /* Stages-Prefix.pch */,
			);
			name = "Supporting Files";
			sourceTree = "<group>";
		};
		42EF350A192CAC8900015379 /* StagesTests */ = {
			isa = PBXGroup;
			children = (
				42EF3510192CAC8900015379 /* StagesTests.m */,
				42EF350B192CAC8900015379 /* Supporting Files */,
			);
			path = StagesTests;
			sourceTree = "<group>";
		};
		42EF350B192CAC8900015379 /* Supporting Files */ = {
			isa = PBXGroup;
			children = (
				42EF350C192CAC8900015379 /* StagesTests-Info.plist */,
				42EF350D192CAC8900015379 /* InfoPlist.strings */,
			);
			name = "Supporting Files";
			sourceTree = "<group>";
		};
/* End PBXGroup section */

/* Begin PBXNativeTarget section */
		42EF34E1192CAC8800015379 /* Stages */ = {
			isa = PBXNativeTarget;
			buildConfigurationList = 42EF3514192CAC8900015379 /* Build configuration list for PBXNativeTarget "Stages" */;
			buildPhases = (
				42EF34DE192CAC8800015379 /* Sources */,
				42EF34DF192CAC8800015379 /* Frameworks */,
				42EF34E0192CAC8800015379 /* Resources */,
			);
			buildRules = (
			);
			dependencies = (
			);
			name = Stages;
			productName = Stages;
			productReference = 42EF34E2192CAC8800015379 /* Stages.app */;
			productType = "com.apple.product-type.application";
		};
		42EF3502192CAC8900015379 /* StagesTests */ = {
			isa = PBXNativeTarget;
			buildConfigurationList = 42EF3517192CAC8900015379 /* Build configuration list for PBXNativeTarget "StagesTests" */;
			buildPhases = (
				42EF34FF192CAC8900015379 /* Sources */,
				42EF3500192CAC8900015379 /* Frameworks */,
				42EF3501192CAC8900015379 /* Resources */,
			);
			buildRules = (
			);
			dependencies = (
				42EF3509192CAC8900015379 /* PBXTargetDependency */,
			);
			name = StagesTests;
			productName = StagesTests;
			productReference = 42EF3503192CAC8900015379 /* StagesTests.xctest */;
			productType = "com.apple.product-type.bundle.unit-test";
		};
/* End PBXNativeTarget section */

/* Begin PBXProject section */
		42EF34DA192CAC8800015379 /* Project object */ = {
			isa = PBXProject;
			attributes = {
				LastUpgradeCheck = 0510;
				ORGANIZATIONNAME = "Kenneth Meert";
				TargetAttributes = {
					42EF3502192CAC8900015379 = {
						TestTargetID = 42EF34E1192CAC8800015379;
					};
				};
			};
			buildConfigurationList = 42EF34DD192CAC8800015379 /* Build configuration list for PBXProject "Stages" */;
			compatibilityVersion = "Xcode 3.2";
			developmentRegion = English;
			hasScannedForEncodings = 0;
			knownRegions = (
				en,
				Base,
			);
			mainGroup = 42EF34D9192CAC8800015379;
			productRefGroup = 42EF34E3192CAC8800015379 /* Products */;
			projectDirPath = "";
			projectRoot = "";
			targets = (
				42EF34E1192CAC8800015379 /* Stages */,
				42EF3502192CAC8900015379 /* StagesTests */,
			);
		};
/* End PBXProject section */

/* Begin PBXResourcesBuildPhase section */
		42EF34E0192CAC8800015379 /* Resources */ = {
			isa = PBXResourcesBuildPhase;
			buildActionMask = 2147483647;
			files = (
				42EF351E192CB61300015379 /* above-under-inbetween-banner.png in Resources */,
				42EF34FE192CAC8900015379 /* Images.xcassets in Resources */,
				42EF351F192CB61300015379 /* les-quais-banner.png in Resources */,
				42EF34F0192CAC8900015379 /* InfoPlist.strings in Resources */,
				42EF3521192CB61300015379 /* sculpt-me-point-banner.png in Resources */,
				42EF3528192CDFDA00015379 /* bg_meert.png in Resources */,
				42EF3520192CB61300015379 /* lomo-wall-banner.png in Resources */,
				42EF3523192CC46A00015379 /* StagesCell.xib in Resources */,
				42EF34F9192CAC8900015379 /* Main.storyboard in Resources */,
			);
			runOnlyForDeploymentPostprocessing = 0;
		};
		42EF3501192CAC8900015379 /* Resources */ = {
			isa = PBXResourcesBuildPhase;
			buildActionMask = 2147483647;
			files = (
				42EF350F192CAC8900015379 /* InfoPlist.strings in Resources */,
			);
			runOnlyForDeploymentPostprocessing = 0;
		};
/* End PBXResourcesBuildPhase section */

/* Begin PBXSourcesBuildPhase section */
		42EF34DE192CAC8800015379 /* Sources */ = {
			isa = PBXSourcesBuildPhase;
			buildActionMask = 2147483647;
			files = (
				42EF34FC192CAC8900015379 /* ViewController.m in Sources */,
				42EF34F6192CAC8900015379 /* AppDelegate.m in Sources */,
				42EF3526192CC83C00015379 /* StagesCellTableViewCell.m in Sources */,
				42EF34F2192CAC8900015379 /* main.m in Sources */,
			);
			runOnlyForDeploymentPostprocessing = 0;
		};
		42EF34FF192CAC8900015379 /* Sources */ = {
			isa = PBXSourcesBuildPhase;
			buildActionMask = 2147483647;
			files = (
				42EF3511192CAC8900015379 /* StagesTests.m in Sources */,
			);
			runOnlyForDeploymentPostprocessing = 0;
		};
/* End PBXSourcesBuildPhase section */

/* Begin PBXTargetDependency section */
		42EF3509192CAC8900015379 /* PBXTargetDependency */ = {
			isa = PBXTargetDependency;
			target = 42EF34E1192CAC8800015379 /* Stages */;
			targetProxy = 42EF3508192CAC8900015379 /* PBXContainerItemProxy */;
		};
/* End PBXTargetDependency section */

/* Begin PBXVariantGroup section */
		42EF34EE192CAC8900015379 /* InfoPlist.strings */ = {
			isa = PBXVariantGroup;
			children = (
				42EF34EF192CAC8900015379 /* en */,
			);
			name = InfoPlist.strings;
			sourceTree = "<group>";
		};
		42EF34F7192CAC8900015379 /* Main.storyboard */ = {
			isa = PBXVariantGroup;
			children = (
				42EF34F8192CAC8900015379 /* Base */,
			);
			name = Main.storyboard;
			sourceTree = "<group>";
		};
		42EF350D192CAC8900015379 /* InfoPlist.strings */ = {
			isa = PBXVariantGroup;
			children = (
				42EF350E192CAC8900015379 /* en */,
			);
			name = InfoPlist.strings;
			sourceTree = "<group>";
		};
/* End PBXVariantGroup section */

/* Begin XCBuildConfiguration section */
		42EF3512192CAC8900015379 /* Debug */ = {
			isa = XCBuildConfiguration;
			buildSettings = {
				ALWAYS_SEARCH_USER_PATHS = NO;
				CLANG_CXX_LANGUAGE_STANDARD = "gnu++0x";
				CLANG_CXX_LIBRARY = "libc++";
				CLANG_ENABLE_MODULES = YES;
				CLANG_ENABLE_OBJC_ARC = YES;
				CLANG_WARN_BOOL_CONVERSION = YES;
				CLANG_WARN_CONSTANT_CONVERSION = YES;
				CLANG_WARN_DIRECT_OBJC_ISA_USAGE = YES_ERROR;
				CLANG_WARN_EMPTY_BODY = YES;
				CLANG_WARN_ENUM_CONVERSION = YES;
				CLANG_WARN_INT_CONVERSION = YES;
				CLANG_WARN_OBJC_ROOT_CLASS = YES_ERROR;
				CLANG_WARN__DUPLICATE_METHOD_MATCH = YES;
				"CODE_SIGN_IDENTITY[sdk=iphoneos*]" = "iPhone Developer";
				COPY_PHASE_STRIP = NO;
				GCC_C_LANGUAGE_STANDARD = gnu99;
				GCC_DYNAMIC_NO_PIC = NO;
				GCC_OPTIMIZATION_LEVEL = 0;
				GCC_PREPROCESSOR_DEFINITIONS = (
					"DEBUG=1",
					"$(inherited)",
				);
				GCC_SYMBOLS_PRIVATE_EXTERN = NO;
				GCC_WARN_64_TO_32_BIT_CONVERSION = YES;
				GCC_WARN_ABOUT_RETURN_TYPE = YES_ERROR;
				GCC_WARN_UNDECLARED_SELECTOR = YES;
				GCC_WARN_UNINITIALIZED_AUTOS = YES_AGGRESSIVE;
				GCC_WARN_UNUSED_FUNCTION = YES;
				GCC_WARN_UNUSED_VARIABLE = YES;
				IPHONEOS_DEPLOYMENT_TARGET = 7.1;
				ONLY_ACTIVE_ARCH = YES;
				SDKROOT = iphoneos;
			};
			name = Debug;
		};
		42EF3513192CAC8900015379 /* Release */ = {
			isa = XCBuildConfiguration;
			buildSettings = {
				ALWAYS_SEARCH_USER_PATHS = NO;
				CLANG_CXX_LANGUAGE_STANDARD = "gnu++0x";
				CLANG_CXX_LIBRARY = "libc++";
				CLANG_ENABLE_MODULES = YES;
				CLANG_ENABLE_OBJC_ARC = YES;
				CLANG_WARN_BOOL_CONVERSION = YES;
				CLANG_WARN_CONSTANT_CONVERSION = YES;
				CLANG_WARN_DIRECT_OBJC_ISA_USAGE = YES_ERROR;
				CLANG_WARN_EMPTY_BODY = YES;
				CLANG_WARN_ENUM_CONVERSION = YES;
				CLANG_WARN_INT_CONVERSION = YES;
				CLANG_WARN_OBJC_ROOT_CLASS = YES_ERROR;
				CLANG_WARN__DUPLICATE_METHOD_MATCH = YES;
				"CODE_SIGN_IDENTITY[sdk=iphoneos*]" = "iPhone Developer";
				COPY_PHASE_STRIP = YES;
				ENABLE_NS_ASSERTIONS = NO;
				GCC_C_LANGUAGE_STANDARD = gnu99;
				GCC_WARN_64_TO_32_BIT_CONVERSION = YES;
				GCC_WARN_ABOUT_RETURN_TYPE = YES_ERROR;
				GCC_WARN_UNDECLARED_SELECTOR = YES;
				GCC_WARN_UNINITIALIZED_AUTOS = YES_AGGRESSIVE;
				GCC_WARN_UNUSED_FUNCTION = YES;
				GCC_WARN_UNUSED_VARIABLE = YES;
				IPHONEOS_DEPLOYMENT_TARGET = 7.1;
				SDKROOT = iphoneos;
				VALIDATE_PRODUCT = YES;
			};
			name = Release;
		};
		42EF3515192CAC8900015379 /* Debug */ = {
			isa = XCBuildConfiguration;
			buildSettings = {
				ASSETCATALOG_COMPILER_APPICON_NAME = AppIcon;
				ASSETCATALOG_COMPILER_LAUNCHIMAGE_NAME = LaunchImage;
				GCC_PRECOMPILE_PREFIX_HEADER = YES;
				GCC_PREFIX_HEADER = "Stages/Stages-Prefix.pch";
				INFOPLIST_FILE = "Stages/Stages-Info.plist";
				PRODUCT_NAME = "$(TARGET_NAME)";
				WRAPPER_EXTENSION = app;
			};
			name = Debug;
		};
		42EF3516192CAC8900015379 /* Release */ = {
			isa = XCBuildConfiguration;
			buildSettings = {
				ASSETCATALOG_COMPILER_APPICON_NAME = AppIcon;
				ASSETCATALOG_COMPILER_LAUNCHIMAGE_NAME = LaunchImage;
				GCC_PRECOMPILE_PREFIX_HEADER = YES;
				GCC_PREFIX_HEADER = "Stages/Stages-Prefix.pch";
				INFOPLIST_FILE = "Stages/Stages-Info.plist";
				PRODUCT_NAME = "$(TARGET_NAME)";
				WRAPPER_EXTENSION = app;
			};
			name = Release;
		};
		42EF3518192CAC8900015379 /* Debug */ = {
			isa = XCBuildConfiguration;
			buildSettings = {
				BUNDLE_LOADER = "$(BUILT_PRODUCTS_DIR)/Stages.app/Stages";
				FRAMEWORK_SEARCH_PATHS = (
					"$(SDKROOT)/Developer/Library/Frameworks",
					"$(inherited)",
					"$(DEVELOPER_FRAMEWORKS_DIR)",
				);
				GCC_PRECOMPILE_PREFIX_HEADER = YES;
				GCC_PREFIX_HEADER = "Stages/Stages-Prefix.pch";
				GCC_PREPROCESSOR_DEFINITIONS = (
					"DEBUG=1",
					"$(inherited)",
				);
				INFOPLIST_FILE = "StagesTests/StagesTests-Info.plist";
				PRODUCT_NAME = "$(TARGET_NAME)";
				TEST_HOST = "$(BUNDLE_LOADER)";
				WRAPPER_EXTENSION = xctest;
			};
			name = Debug;
		};
		42EF3519192CAC8900015379 /* Release */ = {
			isa = XCBuildConfiguration;
			buildSettings = {
				BUNDLE_LOADER = "$(BUILT_PRODUCTS_DIR)/Stages.app/Stages";
				FRAMEWORK_SEARCH_PATHS = (
					"$(SDKROOT)/Developer/Library/Frameworks",
					"$(inherited)",
					"$(DEVELOPER_FRAMEWORKS_DIR)",
				);
				GCC_PRECOMPILE_PREFIX_HEADER = YES;
				GCC_PREFIX_HEADER = "Stages/Stages-Prefix.pch";
				INFOPLIST_FILE = "StagesTests/StagesTests-Info.plist";
				PRODUCT_NAME = "$(TARGET_NAME)";
				TEST_HOST = "$(BUNDLE_LOADER)";
				WRAPPER_EXTENSION = xctest;
			};
			name = Release;
		};
/* End XCBuildConfiguration section */

/* Begin XCConfigurationList section */
		42EF34DD192CAC8800015379 /* Build configuration list for PBXProject "Stages" */ = {
			isa = XCConfigurationList;
			buildConfigurations = (
				42EF3512192CAC8900015379 /* Debug */,
				42EF3513192CAC8900015379 /* Release */,
			);
			defaultConfigurationIsVisible = 0;
			defaultConfigurationName = Release;
		};
		42EF3514192CAC8900015379 /* Build configuration list for PBXNativeTarget "Stages" */ = {
			isa = XCConfigurationList;
			buildConfigurations = (
				42EF3515192CAC8900015379 /* Debug */,
				42EF3516192CAC8900015379 /* Release */,
			);
			defaultConfigurationIsVisible = 0;
		};
		42EF3517192CAC8900015379 /* Build configuration list for PBXNativeTarget "StagesTests" */ = {
			isa = XCConfigurationList;
			buildConfigurations = (
				42EF3518192CAC8900015379 /* Debug */,
				42EF3519192CAC8900015379 /* Release */,
			);
			defaultConfigurationIsVisible = 0;
		};
/* End XCConfigurationList section */
	};
	rootObject = 42EF34DA192CAC8800015379 /* Project object */;
}
